
Microsoft Visual Studio Solution File, Format Version 12.00
# Visual Studio Version 17
VisualStudioVersion = 17.1.32421.90
MinimumVisualStudioVersion = 10.0.40219.1
Project("{9A19103F-16F7-4668-BE54-9A1E7A4F7556}") = "Back_Caja_Sucursal_LATAM", "Back_Caja_Sucursal_LATAM.csproj", "{80E80959-394A-43FE-8F0B-AAE6A6B3DE59}"
EndProject
Global
	GlobalSection(SolutionConfigurationPlatforms) = preSolution
		Debug|Any CPU = Debug|Any CPU
		Release|Any CPU = Release|Any CPU
	EndGlobalSection
	GlobalSection(ProjectConfigurationPlatforms) = postSolution
		{80E80959-394A-43FE-8F0B-AAE6A6B3DE59}.Debug|Any CPU.ActiveCfg = Debug|Any CPU
		{80E80959-394A-43FE-8F0B-AAE6A6B3DE59}.Debug|Any CPU.Build.0 = Debug|Any CPU
		{80E80959-394A-43FE-8F0B-AAE6A6B3DE59}.Release|Any CPU.ActiveCfg = Release|Any CPU
		{80E80959-394A-43FE-8F0B-AAE6A6B3DE59}.Release|Any CPU.Build.0 = Release|Any CPU
	EndGlobalSection
	GlobalSection(SolutionProperties) = preSolution
		HideSolutionNode = FALSE
	EndGlobalSection
	GlobalSection(ExtensibilityGlobals) = postSolution
		SolutionGuid = {D0089627-5269-4202-BB25-9400FB7C67F1}
	EndGlobalSection
EndGlobal
